{
    "_meta": {
        "hash": {
            "sha256": "7b32e67a435c8eb7b9ace6e803faee75ee253b340ad3f3d11cd1d90c9c5781e8"
        },
        "pipfile-spec": 6,
        "requires": {
            "python_version": "3.8"
        },
        "sources": [
            {
                "name": "pypi",
                "url": "https://pypi.org/simple",
                "verify_ssl": true
            }
        ]
    },
    "default": {
        "numexpr": {
            "hashes": [
                "sha256:059546e8f6283ccdb47c683101a890844f667fa6d56258d48ae2ecf1b3875957",
                "sha256:17ac9cfe6d0078c5fc06ba1c1bbd20b8783f28c6f475bbabd3cad53683075cab",
                "sha256:3f039321d1c17962c33079987b675fb251b273dbec0f51aac0934e932446ccc3",
                "sha256:5538b30199bfc68886d2be18fcef3abd11d9271767a7a69ff3688defe782800a",
                "sha256:655d84eb09adfee3c09ecf4a89a512225da153fdb7de13c447404b7d0523a9a7",
                "sha256:6931b1e9d4f629f43c14b21d44f3f77997298bea43790cfcdb4dd98804f90783",
                "sha256:6c368aa35ae9b18840e78b05f929d3a7b3abccdba9630a878c7db74ca2368339",
                "sha256:6ee9db7598dd4001138b482342b96d78110dd77cefc051ec75af3295604dde6a",
                "sha256:77898fdf3da6bb96aa8a4759a8231d763a75d848b2f2e5c5279dad0b243c8dfe",
                "sha256:7bca95f4473b444428061d4cda8e59ac564dc7dc6a1dea3015af9805c6bc2946",
                "sha256:7d71add384adc9119568d7e9ffa8a35b195decae81e0abf54a2b7779852f0637",
                "sha256:845a6aa0ed3e2a53239b89c1ebfa8cf052d3cc6e053c72805e8153300078c0b1",
                "sha256:90f12cc851240f7911a47c91aaf223dba753e98e46dff3017282e633602e76a7",
                "sha256:9400781553541f414f82eac056f2b4c965373650df9694286b9bd7e8d413f8d8",
                "sha256:9e34931089a6bafc77aaae21f37ad6594b98aa1085bb8b45d5b3cd038c3c17d9",
                "sha256:9f096d707290a6a00b6ffdaf581ee37331109fb7b6c8744e9ded7c779a48e517",
                "sha256:a38664e699526cb1687aefd9069e2b5b9387da7feac4545de446141f1ef86f46",
                "sha256:a6d2d7740ae83ba5f3531e83afc4b626daa71df1ef903970947903345c37bd03",
                "sha256:a75967d46b6bd56455dd32da6285e5ffabe155d0ee61eef685bbfb8dafb2e484",
                "sha256:b076db98ca65eeaf9bd224576e3ac84c05e451c0bd85b13664b7e5f7b62e2c70",
                "sha256:b318541bf3d8326682ebada087ba0050549a16d8b3fa260dd2585d73a83d20a7",
                "sha256:b96334fc1748e9ec4f93d5fadb1044089d73fb08208fdb8382ed77c893f0be01",
                "sha256:c867cc36cf815a3ec9122029874e00d8fbcef65035c4a5901e9b120dd5d626a2",
                "sha256:d5432537418d18691b9115d615d6daa17ee8275baef3edf1afbbf8bc69806147",
                "sha256:db93cf1842f068247de631bfc8af20118bf1f9447cd929b531595a5e0efc9346",
                "sha256:df35324666b693f13a016bc7957de7cc4d8801b746b81060b671bf78a52b9037",
                "sha256:df3a1f6b24214a1ab826e9c1c99edf1686c8e307547a9aef33910d586f626d01",
                "sha256:eaec59e9bf70ff05615c34a8b8d6c7bd042bd9f55465d7b495ea5436f45319d0",
                "sha256:f3a920bfac2645017110b87ddbe364c9c7a742870a4d2f6120b8786c25dc6db3",
                "sha256:ff5835e8af9a212e8480003d731aad1727aaea909926fd009e8ae6a1cba7f141"
            ],
            "index": "pypi",
            "version": "==2.8.4"
        },
        "numpy": {
            "hashes": [
                "sha256:04640dab83f7c6c85abf9cd729c5b65f1ebd0ccf9de90b270cd61935eef0197f",
                "sha256:1452241c290f3e2a312c137a9999cdbf63f78864d63c79039bda65ee86943f61",
                "sha256:222e40d0e2548690405b0b3c7b21d1169117391c2e82c378467ef9ab4c8f0da7",
                "sha256:2541312fbf09977f3b3ad449c4e5f4bb55d0dbf79226d7724211acc905049400",
                "sha256:31f13e25b4e304632a4619d0e0777662c2ffea99fcae2029556b17d8ff958aef",
                "sha256:4602244f345453db537be5314d3983dbf5834a9701b7723ec28923e2889e0bb2",
                "sha256:4979217d7de511a8d57f4b4b5b2b965f707768440c17cb70fbf254c4b225238d",
                "sha256:4c21decb6ea94057331e111a5bed9a79d335658c27ce2adb580fb4d54f2ad9bc",
                "sha256:6620c0acd41dbcb368610bb2f4d83145674040025e5536954782467100aa8835",
                "sha256:692f2e0f55794943c5bfff12b3f56f99af76f902fc47487bdfe97856de51a706",
                "sha256:7215847ce88a85ce39baf9e89070cb860c98fdddacbaa6c0da3ffb31b3350bd5",
                "sha256:79fc682a374c4a8ed08b331bef9c5f582585d1048fa6d80bc6c35bc384eee9b4",
                "sha256:7ffe43c74893dbf38c2b0a1f5428760a1a9c98285553c89e12d70a96a7f3a4d6",
                "sha256:80f5e3a4e498641401868df4208b74581206afbee7cf7b8329daae82676d9463",
                "sha256:95f7ac6540e95bc440ad77f56e520da5bf877f87dca58bd095288dce8940532a",
                "sha256:9667575fb6d13c95f1b36aca12c5ee3356bf001b714fc354eb5465ce1609e62f",
                "sha256:a5425b114831d1e77e4b5d812b69d11d962e104095a5b9c3b641a218abcc050e",
                "sha256:b4bea75e47d9586d31e892a7401f76e909712a0fd510f58f5337bea9572c571e",
                "sha256:b7b1fc9864d7d39e28f41d089bfd6353cb5f27ecd9905348c24187a768c79694",
                "sha256:befe2bf740fd8373cf56149a5c23a0f601e82869598d41f8e188a0e9869926f8",
                "sha256:c0bfb52d2169d58c1cdb8cc1f16989101639b34c7d3ce60ed70b19c63eba0b64",
                "sha256:d11efb4dbecbdf22508d55e48d9c8384db795e1b7b51ea735289ff96613ff74d",
                "sha256:dd80e219fd4c71fc3699fc1dadac5dcf4fd882bfc6f7ec53d30fa197b8ee22dc",
                "sha256:e2926dac25b313635e4d6cf4dc4e51c8c0ebfed60b801c799ffc4c32bf3d1254",
                "sha256:e98f220aa76ca2a977fe435f5b04d7b3470c0a2e6312907b37ba6068f26787f2",
                "sha256:ed094d4f0c177b1b8e7aa9cba7d6ceed51c0e569a5318ac0ca9a090680a6a1b1",
                "sha256:f136bab9c2cfd8da131132c2cf6cc27331dd6fae65f95f69dcd4ae3c3639c810",
                "sha256:f3a86ed21e4f87050382c7bc96571755193c4c1392490744ac73d660e8f564a9"
            ],
            "index": "pypi",
            "version": "==1.24.4"
        },
        "src": {
            "editable": true,
            "path": "./src"
        }
    },
    "develop": {}
}
